
Microsoft Visual Studio Solution File, Format Version 12.00
# Visual Studio Version 17
VisualStudioVersion = 17.0.31912.275
MinimumVisualStudioVersion = 10.0.40219.1
Project("{FAE04EC0-301F-11D3-BF4B-00C04F79EFBC}") = "MicroMarket", "MicroMarket.csproj", "{0386175D-6CDE-406B-8F21-3FDF928407EA}"
EndProject
Global
	GlobalSection(SolutionConfigurationPlatforms) = preSolution
		Debug|Any CPU = Debug|Any CPU
		Release|Any CPU = Release|Any CPU
	EndGlobalSection
	GlobalSection(ProjectConfigurationPlatforms) = postSolution
		{0386175D-6CDE-406B-8F21-3FDF928407EA}.Debug|Any CPU.ActiveCfg = Debug|Any CPU
		{0386175D-6CDE-406B-8F21-3FDF928407EA}.Debug|Any CPU.Build.0 = Debug|Any CPU
		{0386175D-6CDE-406B-8F21-3FDF928407EA}.Release|Any CPU.ActiveCfg = Release|Any CPU
		{0386175D-6CDE-406B-8F21-3FDF928407EA}.Release|Any CPU.Build.0 = Release|Any CPU
	EndGlobalSection
	GlobalSection(SolutionProperties) = preSolution
		HideSolutionNode = FALSE
	EndGlobalSection
	GlobalSection(ExtensibilityGlobals) = postSolution
		SolutionGuid = {0E531DD6-8067-4068-9E62-21AF33080B30}
	EndGlobalSection
EndGlobal
